
Microsoft Visual Studio Solution File, Format Version 12.00
Project("{FAE04EC0-301F-11D3-BF4B-00C04F79EFBC}") = "PSP_Data_Service", "PSP_Data_Service\PSP_Data_Service.csproj", "{1C2D5509-CA63-4B8F-A283-F8D57183C708}"
EndProject
Global
	GlobalSection(SolutionConfigurationPlatforms) = preSolution
		Debug|Any CPU = Debug|Any CPU
		Release|Any CPU = Release|Any CPU
	EndGlobalSection
	GlobalSection(ProjectConfigurationPlatforms) = postSolution
		{1C2D5509-CA63-4B8F-A283-F8D57183C708}.Debug|Any CPU.ActiveCfg = Debug|Any CPU
		{1C2D5509-CA63-4B8F-A283-F8D57183C708}.Debug|Any CPU.Build.0 = Debug|Any CPU
		{1C2D5509-CA63-4B8F-A283-F8D57183C708}.Release|Any CPU.ActiveCfg = Release|Any CPU
		{1C2D5509-CA63-4B8F-A283-F8D57183C708}.Release|Any CPU.Build.0 = Release|Any CPU
	EndGlobalSection
EndGlobal
